// !$*UTF8*$!
{
	archiveVersion = 1;
	classes = {
	};
	objectVersion = 50;
	objects = {

/* Begin PBXBuildFile section */
		DC0A5F37210F099F00BD9414 /* HeaderTableViewCell.swift in Sources */ = {isa = PBXBuildFile; fileRef = DC0A5F36210F099F00BD9414 /* HeaderTableViewCell.swift */; };
		DC0A5F39210F0F4B00BD9414 /* EditViewController.swift in Sources */ = {isa = PBXBuildFile; fileRef = DC0A5F38210F0F4B00BD9414 /* EditViewController.swift */; };
		DC31204E210D7AFB00877FA9 /* Notes+CoreDataClass.swift in Sources */ = {isa = PBXBuildFile; fileRef = DC31204C210D7AFB00877FA9 /* Notes+CoreDataClass.swift */; };
		DC31204F210D7AFB00877FA9 /* Notes+CoreDataProperties.swift in Sources */ = {isa = PBXBuildFile; fileRef = DC31204D210D7AFB00877FA9 /* Notes+CoreDataProperties.swift */; };
		DC312051210D823000877FA9 /* TableViewCell.swift in Sources */ = {isa = PBXBuildFile; fileRef = DC312050210D823000877FA9 /* TableViewCell.swift */; };
		DC312053210D906A00877FA9 /* DetailsViewController.swift in Sources */ = {isa = PBXBuildFile; fileRef = DC312052210D906A00877FA9 /* DetailsViewController.swift */; };
		DC76FED9210CC93200EE7B22 /* AppDelegate.swift in Sources */ = {isa = PBXBuildFile; fileRef = DC76FED8210CC93200EE7B22 /* AppDelegate.swift */; };
		DC76FEDB210CC93200EE7B22 /* ViewController.swift in Sources */ = {isa = PBXBuildFile; fileRef = DC76FEDA210CC93200EE7B22 /* ViewController.swift */; };
		DC76FEDE210CC93200EE7B22 /* Main.storyboard in Resources */ = {isa = PBXBuildFile; fileRef = DC76FEDC210CC93200EE7B22 /* Main.storyboard */; };
		DC76FEE1210CC93200EE7B22 /* Notes.xcdatamodeld in Sources */ = {isa = PBXBuildFile; fileRef = DC76FEDF210CC93200EE7B22 /* Notes.xcdatamodeld */; };
		DC76FEE3210CC93300EE7B22 /* Assets.xcassets in Resources */ = {isa = PBXBuildFile; fileRef = DC76FEE2210CC93300EE7B22 /* Assets.xcassets */; };
		DC76FEE6210CC93300EE7B22 /* LaunchScreen.storyboard in Resources */ = {isa = PBXBuildFile; fileRef = DC76FEE4210CC93300EE7B22 /* LaunchScreen.storyboard */; };
		DC76FEF1210CC93300EE7B22 /* NotesTests.swift in Sources */ = {isa = PBXBuildFile; fileRef = DC76FEF0210CC93300EE7B22 /* NotesTests.swift */; };
		DC76FEFC210CC93300EE7B22 /* NotesUITests.swift in Sources */ = {isa = PBXBuildFile; fileRef = DC76FEFB210CC93300EE7B22 /* NotesUITests.swift */; };
/* End PBXBuildFile section */

/* Begin PBXContainerItemProxy section */
		DC76FEED210CC93300EE7B22 /* PBXContainerItemProxy */ = {
			isa = PBXContainerItemProxy;
			containerPortal = DC76FECD210CC93200EE7B22 /* Project object */;
			proxyType = 1;
			remoteGlobalIDString = DC76FED4210CC93200EE7B22;
			remoteInfo = Notes;
		};
		DC76FEF8210CC93300EE7B22 /* PBXContainerItemProxy */ = {
			isa = PBXContainerItemProxy;
			containerPortal = DC76FECD210CC93200EE7B22 /* Project object */;
			proxyType = 1;
			remoteGlobalIDString = DC76FED4210CC93200EE7B22;
			remoteInfo = Notes;
		};
/* End PBXContainerItemProxy section */

/* Begin PBXFileReference section */
		DC0A5F36210F099F00BD9414 /* HeaderTableViewCell.swift */ = {isa = PBXFileReference; lastKnownFileType = sourcecode.swift; path = HeaderTableViewCell.swift; sourceTree = "<group>"; };
		DC0A5F38210F0F4B00BD9414 /* EditViewController.swift */ = {isa = PBXFileReference; lastKnownFileType = sourcecode.swift; path = EditViewController.swift; sourceTree = "<group>"; };
		DC31204C210D7AFB00877FA9 /* Notes+CoreDataClass.swift */ = {isa = PBXFileReference; lastKnownFileType = sourcecode.swift; path = "Notes+CoreDataClass.swift"; sourceTree = "<group>"; };
		DC31204D210D7AFB00877FA9 /* Notes+CoreDataProperties.swift */ = {isa = PBXFileReference; lastKnownFileType = sourcecode.swift; path = "Notes+CoreDataProperties.swift"; sourceTree = "<group>"; };
		DC312050210D823000877FA9 /* TableViewCell.swift */ = {isa = PBXFileReference; lastKnownFileType = sourcecode.swift; path = TableViewCell.swift; sourceTree = "<group>"; };
		DC312052210D906A00877FA9 /* DetailsViewController.swift */ = {isa = PBXFileReference; lastKnownFileType = sourcecode.swift; path = DetailsViewController.swift; sourceTree = "<group>"; };
		DC76FED5210CC93200EE7B22 /* Notes.app */ = {isa = PBXFileReference; explicitFileType = wrapper.application; includeInIndex = 0; path = Notes.app; sourceTree = BUILT_PRODUCTS_DIR; };
		DC76FED8210CC93200EE7B22 /* AppDelegate.swift */ = {isa = PBXFileReference; lastKnownFileType = sourcecode.swift; path = AppDelegate.swift; sourceTree = "<group>"; };
		DC76FEDA210CC93200EE7B22 /* ViewController.swift */ = {isa = PBXFileReference; lastKnownFileType = sourcecode.swift; path = ViewController.swift; sourceTree = "<group>"; };
		DC76FEDD210CC93200EE7B22 /* Base */ = {isa = PBXFileReference; lastKnownFileType = file.storyboard; name = Base; path = Base.lproj/Main.storyboard; sourceTree = "<group>"; };
		DC76FEE0210CC93200EE7B22 /* Notes.xcdatamodel */ = {isa = PBXFileReference; lastKnownFileType = wrapper.xcdatamodel; path = Notes.xcdatamodel; sourceTree = "<group>"; };
		DC76FEE2210CC93300EE7B22 /* Assets.xcassets */ = {isa = PBXFileReference; lastKnownFileType = folder.assetcatalog; path = Assets.xcassets; sourceTree = "<group>"; };
		DC76FEE5210CC93300EE7B22 /* Base */ = {isa = PBXFileReference; lastKnownFileType = file.storyboard; name = Base; path = Base.lproj/LaunchScreen.storyboard; sourceTree = "<group>"; };
		DC76FEE7210CC93300EE7B22 /* Info.plist */ = {isa = PBXFileReference; lastKnownFileType = text.plist.xml; path = Info.plist; sourceTree = "<group>"; };
		DC76FEEC210CC93300EE7B22 /* NotesTests.xctest */ = {isa = PBXFileReference; explicitFileType = wrapper.cfbundle; includeInIndex = 0; path = NotesTests.xctest; sourceTree = BUILT_PRODUCTS_DIR; };
		DC76FEF0210CC93300EE7B22 /* NotesTests.swift */ = {isa = PBXFileReference; lastKnownFileType = sourcecode.swift; path = NotesTests.swift; sourceTree = "<group>"; };
		DC76FEF2210CC93300EE7B22 /* Info.plist */ = {isa = PBXFileReference; lastKnownFileType = text.plist.xml; path = Info.plist; sourceTree = "<group>"; };
		DC76FEF7210CC93300EE7B22 /* NotesUITests.xctest */ = {isa = PBXFileReference; explicitFileType = wrapper.cfbundle; includeInIndex = 0; path = NotesUITests.xctest; sourceTree = BUILT_PRODUCTS_DIR; };
		DC76FEFB210CC93300EE7B22 /* NotesUITests.swift */ = {isa = PBXFileReference; lastKnownFileType = sourcecode.swift; path = NotesUITests.swift; sourceTree = "<group>"; };
		DC76FEFD210CC93300EE7B22 /* Info.plist */ = {isa = PBXFileReference; lastKnownFileType = text.plist.xml; path = Info.plist; sourceTree = "<group>"; };
/* End PBXFileReference section */

/* Begin PBXFrameworksBuildPhase section */
		DC76FED2210CC93200EE7B22 /* Frameworks */ = {
			isa = PBXFrameworksBuildPhase;
			buildActionMask = 2147483647;
			files = (
			);
			runOnlyForDeploymentPostprocessing = 0;
		};
		DC76FEE9210CC93300EE7B22 /* Frameworks */ = {
			isa = PBXFrameworksBuildPhase;
			buildActionMask = 2147483647;
			files = (
			);
			runOnlyForDeploymentPostprocessing = 0;
		};
		DC76FEF4210CC93300EE7B22 /* Frameworks */ = {
			isa = PBXFrameworksBuildPhase;
			buildActionMask = 2147483647;
			files = (
			);
			runOnlyForDeploymentPostprocessing = 0;
		};
/* End PBXFrameworksBuildPhase section */

/* Begin PBXGroup section */
		DC0A5F33210EF5CD00BD9414 /* Controller */ = {
			isa = PBXGroup;
			children = (
				DC76FEDA210CC93200EE7B22 /* ViewController.swift */,
				DC312052210D906A00877FA9 /* DetailsViewController.swift */,
				DC0A5F38210F0F4B00BD9414 /* EditViewController.swift */,
			);
			path = Controller;
			sourceTree = "<group>";
		};
		DC1DAAED210E1A93007F44B2 /* View */ = {
			isa = PBXGroup;
			children = (
				DC312050210D823000877FA9 /* TableViewCell.swift */,
				DC0A5F36210F099F00BD9414 /* HeaderTableViewCell.swift */,
			);
			path = View;
			sourceTree = "<group>";
		};
		DC31204B210D7AA200877FA9 /* Model */ = {
			isa = PBXGroup;
			children = (
				DC31204C210D7AFB00877FA9 /* Notes+CoreDataClass.swift */,
				DC31204D210D7AFB00877FA9 /* Notes+CoreDataProperties.swift */,
			);
			path = Model;
			sourceTree = "<group>";
		};
		DC76FECC210CC93200EE7B22 = {
			isa = PBXGroup;
			children = (
				DC76FED7210CC93200EE7B22 /* Notes */,
				DC76FEEF210CC93300EE7B22 /* NotesTests */,
				DC76FEFA210CC93300EE7B22 /* NotesUITests */,
				DC76FED6210CC93200EE7B22 /* Products */,
			);
			sourceTree = "<group>";
		};
		DC76FED6210CC93200EE7B22 /* Products */ = {
			isa = PBXGroup;
			children = (
				DC76FED5210CC93200EE7B22 /* Notes.app */,
				DC76FEEC210CC93300EE7B22 /* NotesTests.xctest */,
				DC76FEF7210CC93300EE7B22 /* NotesUITests.xctest */,
			);
			name = Products;
			sourceTree = "<group>";
		};
		DC76FED7210CC93200EE7B22 /* Notes */ = {
			isa = PBXGroup;
			children = (
				DC0A5F33210EF5CD00BD9414 /* Controller */,
				DC1DAAED210E1A93007F44B2 /* View */,
				DC31204B210D7AA200877FA9 /* Model */,
				DC76FED8210CC93200EE7B22 /* AppDelegate.swift */,
				DC76FEDC210CC93200EE7B22 /* Main.storyboard */,
				DC76FEE2210CC93300EE7B22 /* Assets.xcassets */,
				DC76FEE4210CC93300EE7B22 /* LaunchScreen.storyboard */,
				DC76FEE7210CC93300EE7B22 /* Info.plist */,
				DC76FEDF210CC93200EE7B22 /* Notes.xcdatamodeld */,
			);
			path = Notes;
			sourceTree = "<group>";
		};
		DC76FEEF210CC93300EE7B22 /* NotesTests */ = {
			isa = PBXGroup;
			children = (
				DC76FEF0210CC93300EE7B22 /* NotesTests.swift */,
				DC76FEF2210CC93300EE7B22 /* Info.plist */,
			);
			path = NotesTests;
			sourceTree = "<group>";
		};
		DC76FEFA210CC93300EE7B22 /* NotesUITests */ = {
			isa = PBXGroup;
			children = (
				DC76FEFB210CC93300EE7B22 /* NotesUITests.swift */,
				DC76FEFD210CC93300EE7B22 /* Info.plist */,
			);
			path = NotesUITests;
			sourceTree = "<group>";
		};
/* End PBXGroup section */

/* Begin PBXNativeTarget section */
		DC76FED4210CC93200EE7B22 /* Notes */ = {
			isa = PBXNativeTarget;
			buildConfigurationList = DC76FF00210CC93400EE7B22 /* Build configuration list for PBXNativeTarget "Notes" */;
			buildPhases = (
				DC76FED1210CC93200EE7B22 /* Sources */,
				DC76FED2210CC93200EE7B22 /* Frameworks */,
				DC76FED3210CC93200EE7B22 /* Resources */,
			);
			buildRules = (
			);
			dependencies = (
			);
			name = Notes;
			productName = Notes;
			productReference = DC76FED5210CC93200EE7B22 /* Notes.app */;
			productType = "com.apple.product-type.application";
		};
		DC76FEEB210CC93300EE7B22 /* NotesTests */ = {
			isa = PBXNativeTarget;
			buildConfigurationList = DC76FF03210CC93400EE7B22 /* Build configuration list for PBXNativeTarget "NotesTests" */;
			buildPhases = (
				DC76FEE8210CC93300EE7B22 /* Sources */,
				DC76FEE9210CC93300EE7B22 /* Frameworks */,
				DC76FEEA210CC93300EE7B22 /* Resources */,
			);
			buildRules = (
			);
			dependencies = (
				DC76FEEE210CC93300EE7B22 /* PBXTargetDependency */,
			);
			name = NotesTests;
			productName = NotesTests;
			productReference = DC76FEEC210CC93300EE7B22 /* NotesTests.xctest */;
			productType = "com.apple.product-type.bundle.unit-test";
		};
		DC76FEF6210CC93300EE7B22 /* NotesUITests */ = {
			isa = PBXNativeTarget;
			buildConfigurationList = DC76FF06210CC93400EE7B22 /* Build configuration list for PBXNativeTarget "NotesUITests" */;
			buildPhases = (
				DC76FEF3210CC93300EE7B22 /* Sources */,
				DC76FEF4210CC93300EE7B22 /* Frameworks */,
				DC76FEF5210CC93300EE7B22 /* Resources */,
			);
			buildRules = (
			);
			dependencies = (
				DC76FEF9210CC93300EE7B22 /* PBXTargetDependency */,
			);
			name = NotesUITests;
			productName = NotesUITests;
			productReference = DC76FEF7210CC93300EE7B22 /* NotesUITests.xctest */;
			productType = "com.apple.product-type.bundle.ui-testing";
		};
/* End PBXNativeTarget section */

/* Begin PBXProject section */
		DC76FECD210CC93200EE7B22 /* Project object */ = {
			isa = PBXProject;
			attributes = {
				LastSwiftUpdateCheck = 0940;
				LastUpgradeCheck = 0940;
				ORGANIZATIONNAME = "Samiul Hoque Limo";
				TargetAttributes = {
					DC76FED4210CC93200EE7B22 = {
						CreatedOnToolsVersion = 9.4.1;
					};
					DC76FEEB210CC93300EE7B22 = {
						CreatedOnToolsVersion = 9.4.1;
						TestTargetID = DC76FED4210CC93200EE7B22;
					};
					DC76FEF6210CC93300EE7B22 = {
						CreatedOnToolsVersion = 9.4.1;
						TestTargetID = DC76FED4210CC93200EE7B22;
					};
				};
			};
			buildConfigurationList = DC76FED0210CC93200EE7B22 /* Build configuration list for PBXProject "Notes" */;
			compatibilityVersion = "Xcode 9.3";
			developmentRegion = en;
			hasScannedForEncodings = 0;
			knownRegions = (
				en,
				Base,
			);
			mainGroup = DC76FECC210CC93200EE7B22;
			productRefGroup = DC76FED6210CC93200EE7B22 /* Products */;
			projectDirPath = "";
			projectRoot = "";
			targets = (
				DC76FED4210CC93200EE7B22 /* Notes */,
				DC76FEEB210CC93300EE7B22 /* NotesTests */,
				DC76FEF6210CC93300EE7B22 /* NotesUITests */,
			);
		};
/* End PBXProject section */

/* Begin PBXResourcesBuildPhase section */
		DC76FED3210CC93200EE7B22 /* Resources */ = {
			isa = PBXResourcesBuildPhase;
			buildActionMask = 2147483647;
			files = (
				DC76FEE6210CC93300EE7B22 /* LaunchScreen.storyboard in Resources */,
				DC76FEE3210CC93300EE7B22 /* Assets.xcassets in Resources */,
				DC76FEDE210CC93200EE7B22 /* Main.storyboard in Resources */,
			);
			runOnlyForDeploymentPostprocessing = 0;
		};
		DC76FEEA210CC93300EE7B22 /* Resources */ = {
			isa = PBXResourcesBuildPhase;
			buildActionMask = 2147483647;
			files = (
			);
			runOnlyForDeploymentPostprocessing = 0;
		};
		DC76FEF5210CC93300EE7B22 /* Resources */ = {
			isa = PBXResourcesBuildPhase;
			buildActionMask = 2147483647;
			files = (
			);
			runOnlyForDeploymentPostprocessing = 0;
		};
/* End PBXResourcesBuildPhase section */

/* Begin PBXSourcesBuildPhase section */
		DC76FED1210CC93200EE7B22 /* Sources */ = {
			isa = PBXSourcesBuildPhase;
			buildActionMask = 2147483647;
			files = (
				DC0A5F37210F099F00BD9414 /* HeaderTableViewCell.swift in Sources */,
				DC76FEDB210CC93200EE7B22 /* ViewController.swift in Sources */,
				DC31204E210D7AFB00877FA9 /* Notes+CoreDataClass.swift in Sources */,
				DC76FEE1210CC93200EE7B22 /* Notes.xcdatamodeld in Sources */,
				DC312051210D823000877FA9 /* TableViewCell.swift in Sources */,
				DC312053210D906A00877FA9 /* DetailsViewController.swift in Sources */,
				DC76FED9210CC93200EE7B22 /* AppDelegate.swift in Sources */,
				DC31204F210D7AFB00877FA9 /* Notes+CoreDataProperties.swift in Sources */,
				DC0A5F39210F0F4B00BD9414 /* EditViewController.swift in Sources */,
			);
			runOnlyForDeploymentPostprocessing = 0;
		};
		DC76FEE8210CC93300EE7B22 /* Sources */ = {
			isa = PBXSourcesBuildPhase;
			buildActionMask = 2147483647;
			files = (
				DC76FEF1210CC93300EE7B22 /* NotesTests.swift in Sources */,
			);
			runOnlyForDeploymentPostprocessing = 0;
		};
		DC76FEF3210CC93300EE7B22 /* Sources */ = {
			isa = PBXSourcesBuildPhase;
			buildActionMask = 2147483647;
			files = (
				DC76FEFC210CC93300EE7B22 /* NotesUITests.swift in Sources */,
			);
			runOnlyForDeploymentPostprocessing = 0;
		};
/* End PBXSourcesBuildPhase section */

/* Begin PBXTargetDependency section */
		DC76FEEE210CC93300EE7B22 /* PBXTargetDependency */ = {
			isa = PBXTargetDependency;
			target = DC76FED4210CC93200EE7B22 /* Notes */;
			targetProxy = DC76FEED210CC93300EE7B22 /* PBXContainerItemProxy */;
		};
		DC76FEF9210CC93300EE7B22 /* PBXTargetDependency */ = {
			isa = PBXTargetDependency;
			target = DC76FED4210CC93200EE7B22 /* Notes */;
			targetProxy = DC76FEF8210CC93300EE7B22 /* PBXContainerItemProxy */;
		};
/* End PBXTargetDependency section */

/* Begin PBXVariantGroup section */
		DC76FEDC210CC93200EE7B22 /* Main.storyboard */ = {
			isa = PBXVariantGroup;
			children = (
				DC76FEDD210CC93200EE7B22 /* Base */,
			);
			name = Main.storyboard;
			sourceTree = "<group>";
		};
		DC76FEE4210CC93300EE7B22 /* LaunchScreen.storyboard */ = {
			isa = PBXVariantGroup;
			children = (
				DC76FEE5210CC93300EE7B22 /* Base */,
			);
			name = LaunchScreen.storyboard;
			sourceTree = "<group>";
		};
/* End PBXVariantGroup section */

/* Begin XCBuildConfiguration section */
		DC76FEFE210CC93400EE7B22 /* Debug */ = {
			isa = XCBuildConfiguration;
			buildSettings = {
				ALWAYS_SEARCH_USER_PATHS = NO;
				CLANG_ANALYZER_NONNULL = YES;
				CLANG_ANALYZER_NUMBER_OBJECT_CONVERSION = YES_AGGRESSIVE;
				CLANG_CXX_LANGUAGE_STANDARD = "gnu++14";
				CLANG_CXX_LIBRARY = "libc++";
				CLANG_ENABLE_MODULES = YES;
				CLANG_ENABLE_OBJC_ARC = YES;
				CLANG_ENABLE_OBJC_WEAK = YES;
				CLANG_WARN_BLOCK_CAPTURE_AUTORELEASING = YES;
				CLANG_WARN_BOOL_CONVERSION = YES;
				CLANG_WARN_COMMA = YES;
				CLANG_WARN_CONSTANT_CONVERSION = YES;
				CLANG_WARN_DEPRECATED_OBJC_IMPLEMENTATIONS = YES;
				CLANG_WARN_DIRECT_OBJC_ISA_USAGE = YES_ERROR;
				CLANG_WARN_DOCUMENTATION_COMMENTS = YES;
				CLANG_WARN_EMPTY_BODY = YES;
				CLANG_WARN_ENUM_CONVERSION = YES;
				CLANG_WARN_INFINITE_RECURSION = YES;
				CLANG_WARN_INT_CONVERSION = YES;
				CLANG_WARN_NON_LITERAL_NULL_CONVERSION = YES;
				CLANG_WARN_OBJC_IMPLICIT_RETAIN_SELF = YES;
				CLANG_WARN_OBJC_LITERAL_CONVERSION = YES;
				CLANG_WARN_OBJC_ROOT_CLASS = YES_ERROR;
				CLANG_WARN_RANGE_LOOP_ANALYSIS = YES;
				CLANG_WARN_STRICT_PROTOTYPES = YES;
				CLANG_WARN_SUSPICIOUS_MOVE = YES;
				CLANG_WARN_UNGUARDED_AVAILABILITY = YES_AGGRESSIVE;
				CLANG_WARN_UNREACHABLE_CODE = YES;
				CLANG_WARN__DUPLICATE_METHOD_MATCH = YES;
				CODE_SIGN_IDENTITY = "iPhone Developer";
				COPY_PHASE_STRIP = NO;
				DEBUG_INFORMATION_FORMAT = dwarf;
				ENABLE_STRICT_OBJC_MSGSEND = YES;
				ENABLE_TESTABILITY = YES;
				GCC_C_LANGUAGE_STANDARD = gnu11;
				GCC_DYNAMIC_NO_PIC = NO;
				GCC_NO_COMMON_BLOCKS = YES;
				GCC_OPTIMIZATION_LEVEL = 0;
				GCC_PREPROCESSOR_DEFINITIONS = (
					"DEBUG=1",
					"$(inherited)",
				);
				GCC_WARN_64_TO_32_BIT_CONVERSION = YES;
				GCC_WARN_ABOUT_RETURN_TYPE = YES_ERROR;
				GCC_WARN_UNDECLARED_SELECTOR = YES;
				GCC_WARN_UNINITIALIZED_AUTOS = YES_AGGRESSIVE;
				GCC_WARN_UNUSED_FUNCTION = YES;
				GCC_WARN_UNUSED_VARIABLE = YES;
				IPHONEOS_DEPLOYMENT_TARGET = 11.4;
				MTL_ENABLE_DEBUG_INFO = YES;
				ONLY_ACTIVE_ARCH = YES;
				SDKROOT = iphoneos;
				SWIFT_ACTIVE_COMPILATION_CONDITIONS = DEBUG;
				SWIFT_OPTIMIZATION_LEVEL = "-Onone";
			};
			name = Debug;
		};
		DC76FEFF210CC93400EE7B22 /* Release */ = {
			isa = XCBuildConfiguration;
			buildSettings = {
				ALWAYS_SEARCH_USER_PATHS = NO;
				CLANG_ANALYZER_NONNULL = YES;
				CLANG_ANALYZER_NUMBER_OBJECT_CONVERSION = YES_AGGRESSIVE;
				CLANG_CXX_LANGUAGE_STANDARD = "gnu++14";
				CLANG_CXX_LIBRARY = "libc++";
				CLANG_ENABLE_MODULES = YES;
				CLANG_ENABLE_OBJC_ARC = YES;
				CLANG_ENABLE_OBJC_WEAK = YES;
				CLANG_WARN_BLOCK_CAPTURE_AUTORELEASING = YES;
				CLANG_WARN_BOOL_CONVERSION = YES;
				CLANG_WARN_COMMA = YES;
				CLANG_WARN_CONSTANT_CONVERSION = YES;
				CLANG_WARN_DEPRECATED_OBJC_IMPLEMENTATIONS = YES;
				CLANG_WARN_DIRECT_OBJC_ISA_USAGE = YES_ERROR;
				CLANG_WARN_DOCUMENTATION_COMMENTS = YES;
				CLANG_WARN_EMPTY_BODY = YES;
				CLANG_WARN_ENUM_CONVERSION = YES;
				CLANG_WARN_INFINITE_RECURSION = YES;
				CLANG_WARN_INT_CONVERSION = YES;
				CLANG_WARN_NON_LITERAL_NULL_CONVERSION = YES;
				CLANG_WARN_OBJC_IMPLICIT_RETAIN_SELF = YES;
				CLANG_WARN_OBJC_LITERAL_CONVERSION = YES;
				CLANG_WARN_OBJC_ROOT_CLASS = YES_ERROR;
				CLANG_WARN_RANGE_LOOP_ANALYSIS = YES;
				CLANG_WARN_STRICT_PROTOTYPES = YES;
				CLANG_WARN_SUSPICIOUS_MOVE = YES;
				CLANG_WARN_UNGUARDED_AVAILABILITY = YES_AGGRESSIVE;
				CLANG_WARN_UNREACHABLE_CODE = YES;
				CLANG_WARN__DUPLICATE_METHOD_MATCH = YES;
				CODE_SIGN_IDENTITY = "iPhone Developer";
				COPY_PHASE_STRIP = NO;
				DEBUG_INFORMATION_FORMAT = "dwarf-with-dsym";
				ENABLE_NS_ASSERTIONS = NO;
				ENABLE_STRICT_OBJC_MSGSEND = YES;
				GCC_C_LANGUAGE_STANDARD = gnu11;
				GCC_NO_COMMON_BLOCKS = YES;
				GCC_WARN_64_TO_32_BIT_CONVERSION = YES;
				GCC_WARN_ABOUT_RETURN_TYPE = YES_ERROR;
				GCC_WARN_UNDECLARED_SELECTOR = YES;
				GCC_WARN_UNINITIALIZED_AUTOS = YES_AGGRESSIVE;
				GCC_WARN_UNUSED_FUNCTION = YES;
				GCC_WARN_UNUSED_VARIABLE = YES;
				IPHONEOS_DEPLOYMENT_TARGET = 11.4;
				MTL_ENABLE_DEBUG_INFO = NO;
				SDKROOT = iphoneos;
				SWIFT_COMPILATION_MODE = wholemodule;
				SWIFT_OPTIMIZATION_LEVEL = "-O";
				VALIDATE_PRODUCT = YES;
			};
			name = Release;
		};
		DC76FF01210CC93400EE7B22 /* Debug */ = {
			isa = XCBuildConfiguration;
			buildSettings = {
				ASSETCATALOG_COMPILER_APPICON_NAME = AppIcon;
				CODE_SIGN_STYLE = Automatic;
				INFOPLIST_FILE = Notes/Info.plist;
				LD_RUNPATH_SEARCH_PATHS = (
					"$(inherited)",
					"@executable_path/Frameworks",
				);
				PRODUCT_BUNDLE_IDENTIFIER = com.sm.Notes;
				PRODUCT_NAME = "$(TARGET_NAME)";
				SWIFT_VERSION = 4.0;
				TARGETED_DEVICE_FAMILY = "1,2";
			};
			name = Debug;
		};
		DC76FF02210CC93400EE7B22 /* Release */ = {
			isa = XCBuildConfiguration;
			buildSettings = {
				ASSETCATALOG_COMPILER_APPICON_NAME = AppIcon;
				CODE_SIGN_STYLE = Automatic;
				INFOPLIST_FILE = Notes/Info.plist;
				LD_RUNPATH_SEARCH_PATHS = (
					"$(inherited)",
					"@executable_path/Frameworks",
				);
				PRODUCT_BUNDLE_IDENTIFIER = com.sm.Notes;
				PRODUCT_NAME = "$(TARGET_NAME)";
				SWIFT_VERSION = 4.0;
				TARGETED_DEVICE_FAMILY = "1,2";
			};
			name = Release;
		};
		DC76FF04210CC93400EE7B22 /* Debug */ = {
			isa = XCBuildConfiguration;
			buildSettings = {
				ALWAYS_EMBED_SWIFT_STANDARD_LIBRARIES = YES;
				BUNDLE_LOADER = "$(TEST_HOST)";
				CODE_SIGN_STYLE = Automatic;
				INFOPLIST_FILE = NotesTests/Info.plist;
				LD_RUNPATH_SEARCH_PATHS = (
					"$(inherited)",
					"@executable_path/Frameworks",
					"@loader_path/Frameworks",
				);
				PRODUCT_BUNDLE_IDENTIFIER = com.sm.NotesTests;
				PRODUCT_NAME = "$(TARGET_NAME)";
				SWIFT_VERSION = 4.0;
				TARGETED_DEVICE_FAMILY = "1,2";
				TEST_HOST = "$(BUILT_PRODUCTS_DIR)/Notes.app/Notes";
			};
			name = Debug;
		};
		DC76FF05210CC93400EE7B22 /* Release */ = {
			isa = XCBuildConfiguration;
			buildSettings = {
				ALWAYS_EMBED_SWIFT_STANDARD_LIBRARIES = YES;
				BUNDLE_LOADER = "$(TEST_HOST)";
				CODE_SIGN_STYLE = Automatic;
				INFOPLIST_FILE = NotesTests/Info.plist;
				LD_RUNPATH_SEARCH_PATHS = (
					"$(inherited)",
					"@executable_path/Frameworks",
					"@loader_path/Frameworks",
				);
				PRODUCT_BUNDLE_IDENTIFIER = com.sm.NotesTests;
				PRODUCT_NAME = "$(TARGET_NAME)";
				SWIFT_VERSION = 4.0;
				TARGETED_DEVICE_FAMILY = "1,2";
				TEST_HOST = "$(BUILT_PRODUCTS_DIR)/Notes.app/Notes";
			};
			name = Release;
		};
		DC76FF07210CC93400EE7B22 /* Debug */ = {
			isa = XCBuildConfiguration;
			buildSettings = {
				ALWAYS_EMBED_SWIFT_STANDARD_LIBRARIES = YES;
				CODE_SIGN_STYLE = Automatic;
				INFOPLIST_FILE = NotesUITests/Info.plist;
				LD_RUNPATH_SEARCH_PATHS = (
					"$(inherited)",
					"@executable_path/Frameworks",
					"@loader_path/Frameworks",
				);
				PRODUCT_BUNDLE_IDENTIFIER = com.sm.NotesUITests;
				PRODUCT_NAME = "$(TARGET_NAME)";
				SWIFT_VERSION = 4.0;
				TARGETED_DEVICE_FAMILY = "1,2";
				TEST_TARGET_NAME = Notes;
			};
			name = Debug;
		};
		DC76FF08210CC93400EE7B22 /* Release */ = {
			isa = XCBuildConfiguration;
			buildSettings = {
				ALWAYS_EMBED_SWIFT_STANDARD_LIBRARIES = YES;
				CODE_SIGN_STYLE = Automatic;
				INFOPLIST_FILE = NotesUITests/Info.plist;
				LD_RUNPATH_SEARCH_PATHS = (
					"$(inherited)",
					"@executable_path/Frameworks",
					"@loader_path/Frameworks",
				);
				PRODUCT_BUNDLE_IDENTIFIER = com.sm.NotesUITests;
				PRODUCT_NAME = "$(TARGET_NAME)";
				SWIFT_VERSION = 4.0;
				TARGETED_DEVICE_FAMILY = "1,2";
				TEST_TARGET_NAME = Notes;
			};
			name = Release;
		};
/* End XCBuildConfiguration section */

/* Begin XCConfigurationList section */
		DC76FED0210CC93200EE7B22 /* Build configuration list for PBXProject "Notes" */ = {
			isa = XCConfigurationList;
			buildConfigurations = (
				DC76FEFE210CC93400EE7B22 /* Debug */,
				DC76FEFF210CC93400EE7B22 /* Release */,
			);
			defaultConfigurationIsVisible = 0;
			defaultConfigurationName = Release;
		};
		DC76FF00210CC93400EE7B22 /* Build configuration list for PBXNativeTarget "Notes" */ = {
			isa = XCConfigurationList;
			buildConfigurations = (
				DC76FF01210CC93400EE7B22 /* Debug */,
				DC76FF02210CC93400EE7B22 /* Release */,
			);
			defaultConfigurationIsVisible = 0;
			defaultConfigurationName = Release;
		};
		DC76FF03210CC93400EE7B22 /* Build configuration list for PBXNativeTarget "NotesTests" */ = {
			isa = XCConfigurationList;
			buildConfigurations = (
				DC76FF04210CC93400EE7B22 /* Debug */,
				DC76FF05210CC93400EE7B22 /* Release */,
			);
			defaultConfigurationIsVisible = 0;
			defaultConfigurationName = Release;
		};
		DC76FF06210CC93400EE7B22 /* Build configuration list for PBXNativeTarget "NotesUITests" */ = {
			isa = XCConfigurationList;
			buildConfigurations = (
				DC76FF07210CC93400EE7B22 /* Debug */,
				DC76FF08210CC93400EE7B22 /* Release */,
			);
			defaultConfigurationIsVisible = 0;
			defaultConfigurationName = Release;
		};
/* End XCConfigurationList section */

/* Begin XCVersionGroup section */
		DC76FEDF210CC93200EE7B22 /* Notes.xcdatamodeld */ = {
			isa = XCVersionGroup;
			children = (
				DC76FEE0210CC93200EE7B22 /* Notes.xcdatamodel */,
			);
			currentVersion = DC76FEE0210CC93200EE7B22 /* Notes.xcdatamodel */;
			path = Notes.xcdatamodeld;
			sourceTree = "<group>";
			versionGroupType = wrapper.xcdatamodel;
		};
/* End XCVersionGroup section */
	};
	rootObject = DC76FECD210CC93200EE7B22 /* Project object */;
}
